{
  "name": "sandboxes",
  "version": "1.0.0",
  "lockfileVersion": 1,
  "requires": true,
  "dependencies": {
    "advanced_promise": {
      "version": "1.0.2",
      "resolved": "https://registry.npmjs.org/advanced_promise/-/advanced_promise-1.0.2.tgz",
      "integrity": "sha512-o5YqBMUZgG8lJKAiArXG/jXdjIHUC3CCQmY0Qs9seW1q/tdRK5WUwGDoAq7JfqzhhX9UliGlOYpfw8RW2+CSdA=="
    }
  }
}
